// !$*UTF8*$!
{
	archiveVersion = 1;
	classes = {
	};
	objectVersion = 48;
	objects = {

/* Begin PBXBuildFile section */
		ACE7B2DB21382721000666D0 /* AppDelegate.swift in Sources */ = {isa = PBXBuildFile; fileRef = ACE7B2DA21382721000666D0 /* AppDelegate.swift */; };
		ACE7B2DD21382721000666D0 /* ViewController.swift in Sources */ = {isa = PBXBuildFile; fileRef = ACE7B2DC21382721000666D0 /* ViewController.swift */; };
		ACE7B2E021382721000666D0 /* Main.storyboard in Resources */ = {isa = PBXBuildFile; fileRef = ACE7B2DE21382721000666D0 /* Main.storyboard */; };
		ACE7B2E221382721000666D0 /* Assets.xcassets in Resources */ = {isa = PBXBuildFile; fileRef = ACE7B2E121382721000666D0 /* Assets.xcassets */; };
		ACE7B2E521382721000666D0 /* LaunchScreen.storyboard in Resources */ = {isa = PBXBuildFile; fileRef = ACE7B2E321382721000666D0 /* LaunchScreen.storyboard */; };
		ACE7B2EE213828A2000666D0 /* SecondCollectionViewCell.swift in Sources */ = {isa = PBXBuildFile; fileRef = ACE7B2EC213828A2000666D0 /* SecondCollectionViewCell.swift */; };
		ACE7B2EF213828A2000666D0 /* SecondCollectionViewCell.xib in Resources */ = {isa = PBXBuildFile; fileRef = ACE7B2ED213828A2000666D0 /* SecondCollectionViewCell.xib */; };
		ACEBE48F2138E99500C31ECE /* TableViewController.swift in Sources */ = {isa = PBXBuildFile; fileRef = ACEBE48E2138E99500C31ECE /* TableViewController.swift */; };
		ACEBE4912138E9D300C31ECE /* SecondTableTableViewCell.swift in Sources */ = {isa = PBXBuildFile; fileRef = ACEBE4902138E9D300C31ECE /* SecondTableTableViewCell.swift */; };
		ACEBE4952138ED1B00C31ECE /* ScrollViewController.swift in Sources */ = {isa = PBXBuildFile; fileRef = ACEBE4942138ED1B00C31ECE /* ScrollViewController.swift */; };
		ACEBE4972138F87E00C31ECE /* MainViewController.swift in Sources */ = {isa = PBXBuildFile; fileRef = ACEBE4962138F87E00C31ECE /* MainViewController.swift */; };
/* End PBXBuildFile section */

/* Begin PBXFileReference section */
		ACE7B2D721382721000666D0 /* Scrolltablecollection.app */ = {isa = PBXFileReference; explicitFileType = wrapper.application; includeInIndex = 0; path = Scrolltablecollection.app; sourceTree = BUILT_PRODUCTS_DIR; };
		ACE7B2DA21382721000666D0 /* AppDelegate.swift */ = {isa = PBXFileReference; lastKnownFileType = sourcecode.swift; path = AppDelegate.swift; sourceTree = "<group>"; };
		ACE7B2DC21382721000666D0 /* ViewController.swift */ = {isa = PBXFileReference; lastKnownFileType = sourcecode.swift; path = ViewController.swift; sourceTree = "<group>"; };
		ACE7B2DF21382721000666D0 /* Base */ = {isa = PBXFileReference; lastKnownFileType = file.storyboard; name = Base; path = Base.lproj/Main.storyboard; sourceTree = "<group>"; };
		ACE7B2E121382721000666D0 /* Assets.xcassets */ = {isa = PBXFileReference; lastKnownFileType = folder.assetcatalog; path = Assets.xcassets; sourceTree = "<group>"; };
		ACE7B2E421382721000666D0 /* Base */ = {isa = PBXFileReference; lastKnownFileType = file.storyboard; name = Base; path = Base.lproj/LaunchScreen.storyboard; sourceTree = "<group>"; };
		ACE7B2E621382721000666D0 /* Info.plist */ = {isa = PBXFileReference; lastKnownFileType = text.plist.xml; path = Info.plist; sourceTree = "<group>"; };
		ACE7B2EC213828A2000666D0 /* SecondCollectionViewCell.swift */ = {isa = PBXFileReference; lastKnownFileType = sourcecode.swift; path = SecondCollectionViewCell.swift; sourceTree = "<group>"; };
		ACE7B2ED213828A2000666D0 /* SecondCollectionViewCell.xib */ = {isa = PBXFileReference; lastKnownFileType = file.xib; path = SecondCollectionViewCell.xib; sourceTree = "<group>"; };
		ACEBE48E2138E99500C31ECE /* TableViewController.swift */ = {isa = PBXFileReference; lastKnownFileType = sourcecode.swift; path = TableViewController.swift; sourceTree = "<group>"; };
		ACEBE4902138E9D300C31ECE /* SecondTableTableViewCell.swift */ = {isa = PBXFileReference; lastKnownFileType = sourcecode.swift; path = SecondTableTableViewCell.swift; sourceTree = "<group>"; };
		ACEBE4942138ED1B00C31ECE /* ScrollViewController.swift */ = {isa = PBXFileReference; lastKnownFileType = sourcecode.swift; path = ScrollViewController.swift; sourceTree = "<group>"; };
		ACEBE4962138F87E00C31ECE /* MainViewController.swift */ = {isa = PBXFileReference; lastKnownFileType = sourcecode.swift; path = MainViewController.swift; sourceTree = "<group>"; };
/* End PBXFileReference section */

/* Begin PBXFrameworksBuildPhase section */
		ACE7B2D421382721000666D0 /* Frameworks */ = {
			isa = PBXFrameworksBuildPhase;
			buildActionMask = 2147483647;
			files = (
			);
			runOnlyForDeploymentPostprocessing = 0;
		};
/* End PBXFrameworksBuildPhase section */

/* Begin PBXGroup section */
		ACE7B2CE21382721000666D0 = {
			isa = PBXGroup;
			children = (
				ACE7B2D921382721000666D0 /* Scrolltablecollection */,
				ACE7B2D821382721000666D0 /* Products */,
			);
			sourceTree = "<group>";
		};
		ACE7B2D821382721000666D0 /* Products */ = {
			isa = PBXGroup;
			children = (
				ACE7B2D721382721000666D0 /* Scrolltablecollection.app */,
			);
			name = Products;
			sourceTree = "<group>";
		};
		ACE7B2D921382721000666D0 /* Scrolltablecollection */ = {
			isa = PBXGroup;
			children = (
				ACE7B2DA21382721000666D0 /* AppDelegate.swift */,
				ACEBE4962138F87E00C31ECE /* MainViewController.swift */,
				ACE7B2DC21382721000666D0 /* ViewController.swift */,
				ACE7B2EC213828A2000666D0 /* SecondCollectionViewCell.swift */,
				ACE7B2ED213828A2000666D0 /* SecondCollectionViewCell.xib */,
				ACEBE48E2138E99500C31ECE /* TableViewController.swift */,
				ACEBE4902138E9D300C31ECE /* SecondTableTableViewCell.swift */,
				ACEBE4942138ED1B00C31ECE /* ScrollViewController.swift */,
				ACE7B2E321382721000666D0 /* LaunchScreen.storyboard */,
				ACE7B2E621382721000666D0 /* Info.plist */,
				ACE7B2DE21382721000666D0 /* Main.storyboard */,
				ACE7B2E121382721000666D0 /* Assets.xcassets */,
			);
			path = Scrolltablecollection;
			sourceTree = "<group>";
		};
/* End PBXGroup section */

/* Begin PBXNativeTarget section */
		ACE7B2D621382721000666D0 /* Scrolltablecollection */ = {
			isa = PBXNativeTarget;
			buildConfigurationList = ACE7B2E921382721000666D0 /* Build configuration list for PBXNativeTarget "Scrolltablecollection" */;
			buildPhases = (
				ACE7B2D321382721000666D0 /* Sources */,
				ACE7B2D421382721000666D0 /* Frameworks */,
				ACE7B2D521382721000666D0 /* Resources */,
			);
			buildRules = (
			);
			dependencies = (
			);
			name = Scrolltablecollection;
			productName = Scrolltablecollection;
			productReference = ACE7B2D721382721000666D0 /* Scrolltablecollection.app */;
			productType = "com.apple.product-type.application";
		};
/* End PBXNativeTarget section */

/* Begin PBXProject section */
		ACE7B2CF21382721000666D0 /* Project object */ = {
			isa = PBXProject;
			attributes = {
				LastSwiftUpdateCheck = 0900;
				LastUpgradeCheck = 0900;
				ORGANIZATIONNAME = rakshitha;
				TargetAttributes = {
					ACE7B2D621382721000666D0 = {
						CreatedOnToolsVersion = 9.0;
						ProvisioningStyle = Automatic;
					};
				};
			};
			buildConfigurationList = ACE7B2D221382721000666D0 /* Build configuration list for PBXProject "Scrolltablecollection" */;
			compatibilityVersion = "Xcode 8.0";
			developmentRegion = en;
			hasScannedForEncodings = 0;
			knownRegions = (
				en,
				Base,
			);
			mainGroup = ACE7B2CE21382721000666D0;
			productRefGroup = ACE7B2D821382721000666D0 /* Products */;
			projectDirPath = "";
			projectRoot = "";
			targets = (
				ACE7B2D621382721000666D0 /* Scrolltablecollection */,
			);
		};
/* End PBXProject section */

/* Begin PBXResourcesBuildPhase section */
		ACE7B2D521382721000666D0 /* Resources */ = {
			isa = PBXResourcesBuildPhase;
			buildActionMask = 2147483647;
			files = (
				ACE7B2EF213828A2000666D0 /* SecondCollectionViewCell.xib in Resources */,
				ACE7B2E521382721000666D0 /* LaunchScreen.storyboard in Resources */,
				ACE7B2E221382721000666D0 /* Assets.xcassets in Resources */,
				ACE7B2E021382721000666D0 /* Main.storyboard in Resources */,
			);
			runOnlyForDeploymentPostprocessing = 0;
		};
/* End PBXResourcesBuildPhase section */

/* Begin PBXSourcesBuildPhase section */
		ACE7B2D321382721000666D0 /* Sources */ = {
			isa = PBXSourcesBuildPhase;
			buildActionMask = 2147483647;
			files = (
				ACEBE4972138F87E00C31ECE /* MainViewController.swift in Sources */,
				ACE7B2DD21382721000666D0 /* ViewController.swift in Sources */,
				ACEBE4952138ED1B00C31ECE /* ScrollViewController.swift in Sources */,
				ACE7B2DB21382721000666D0 /* AppDelegate.swift in Sources */,
				ACE7B2EE213828A2000666D0 /* SecondCollectionViewCell.swift in Sources */,
				ACEBE4912138E9D300C31ECE /* SecondTableTableViewCell.swift in Sources */,
				ACEBE48F2138E99500C31ECE /* TableViewController.swift in Sources */,
			);
			runOnlyForDeploymentPostprocessing = 0;
		};
/* End PBXSourcesBuildPhase section */

/* Begin PBXVariantGroup section */
		ACE7B2DE21382721000666D0 /* Main.storyboard */ = {
			isa = PBXVariantGroup;
			children = (
				ACE7B2DF21382721000666D0 /* Base */,
			);
			name = Main.storyboard;
			sourceTree = "<group>";
		};
		ACE7B2E321382721000666D0 /* LaunchScreen.storyboard */ = {
			isa = PBXVariantGroup;
			children = (
				ACE7B2E421382721000666D0 /* Base */,
			);
			name = LaunchScreen.storyboard;
			sourceTree = "<group>";
		};
/* End PBXVariantGroup section */

/* Begin XCBuildConfiguration section */
		ACE7B2E721382721000666D0 /* Debug */ = {
			isa = XCBuildConfiguration;
			buildSettings = {
				ALWAYS_SEARCH_USER_PATHS = NO;
				CLANG_ANALYZER_NONNULL = YES;
				CLANG_ANALYZER_NUMBER_OBJECT_CONVERSION = YES_AGGRESSIVE;
				CLANG_CXX_LANGUAGE_STANDARD = "gnu++14";
				CLANG_CXX_LIBRARY = "libc++";
				CLANG_ENABLE_MODULES = YES;
				CLANG_ENABLE_OBJC_ARC = YES;
				CLANG_WARN_BLOCK_CAPTURE_AUTORELEASING = YES;
				CLANG_WARN_BOOL_CONVERSION = YES;
				CLANG_WARN_COMMA = YES;
				CLANG_WARN_CONSTANT_CONVERSION = YES;
				CLANG_WARN_DIRECT_OBJC_ISA_USAGE = YES_ERROR;
				CLANG_WARN_DOCUMENTATION_COMMENTS = YES;
				CLANG_WARN_EMPTY_BODY = YES;
				CLANG_WARN_ENUM_CONVERSION = YES;
				CLANG_WARN_INFINITE_RECURSION = YES;
				CLANG_WARN_INT_CONVERSION = YES;
				CLANG_WARN_NON_LITERAL_NULL_CONVERSION = YES;
				CLANG_WARN_OBJC_LITERAL_CONVERSION = YES;
				CLANG_WARN_OBJC_ROOT_CLASS = YES_ERROR;
				CLANG_WARN_RANGE_LOOP_ANALYSIS = YES;
				CLANG_WARN_STRICT_PROTOTYPES = YES;
				CLANG_WARN_SUSPICIOUS_MOVE = YES;
				CLANG_WARN_UNGUARDED_AVAILABILITY = YES_AGGRESSIVE;
				CLANG_WARN_UNREACHABLE_CODE = YES;
				CLANG_WARN__DUPLICATE_METHOD_MATCH = YES;
				CODE_SIGN_IDENTITY = "iPhone Developer";
				COPY_PHASE_STRIP = NO;
				DEBUG_INFORMATION_FORMAT = dwarf;
				ENABLE_STRICT_OBJC_MSGSEND = YES;
				ENABLE_TESTABILITY = YES;
				GCC_C_LANGUAGE_STANDARD = gnu11;
				GCC_DYNAMIC_NO_PIC = NO;
				GCC_NO_COMMON_BLOCKS = YES;
				GCC_OPTIMIZATION_LEVEL = 0;
				GCC_PREPROCESSOR_DEFINITIONS = (
					"DEBUG=1",
					"$(inherited)",
				);
				GCC_WARN_64_TO_32_BIT_CONVERSION = YES;
				GCC_WARN_ABOUT_RETURN_TYPE = YES_ERROR;
				GCC_WARN_UNDECLARED_SELECTOR = YES;
				GCC_WARN_UNINITIALIZED_AUTOS = YES_AGGRESSIVE;
				GCC_WARN_UNUSED_FUNCTION = YES;
				GCC_WARN_UNUSED_VARIABLE = YES;
				IPHONEOS_DEPLOYMENT_TARGET = 11.0;
				MTL_ENABLE_DEBUG_INFO = YES;
				ONLY_ACTIVE_ARCH = YES;
				SDKROOT = iphoneos;
				SWIFT_ACTIVE_COMPILATION_CONDITIONS = DEBUG;
				SWIFT_OPTIMIZATION_LEVEL = "-Onone";
			};
			name = Debug;
		};
		ACE7B2E821382721000666D0 /* Release */ = {
			isa = XCBuildConfiguration;
			buildSettings = {
				ALWAYS_SEARCH_USER_PATHS = NO;
				CLANG_ANALYZER_NONNULL = YES;
				CLANG_ANALYZER_NUMBER_OBJECT_CONVERSION = YES_AGGRESSIVE;
				CLANG_CXX_LANGUAGE_STANDARD = "gnu++14";
				CLANG_CXX_LIBRARY = "libc++";
				CLANG_ENABLE_MODULES = YES;
				CLANG_ENABLE_OBJC_ARC = YES;
				CLANG_WARN_BLOCK_CAPTURE_AUTORELEASING = YES;
				CLANG_WARN_BOOL_CONVERSION = YES;
				CLANG_WARN_COMMA = YES;
				CLANG_WARN_CONSTANT_CONVERSION = YES;
				CLANG_WARN_DIRECT_OBJC_ISA_USAGE = YES_ERROR;
				CLANG_WARN_DOCUMENTATION_COMMENTS = YES;
				CLANG_WARN_EMPTY_BODY = YES;
				CLANG_WARN_ENUM_CONVERSION = YES;
				CLANG_WARN_INFINITE_RECURSION = YES;
				CLANG_WARN_INT_CONVERSION = YES;
				CLANG_WARN_NON_LITERAL_NULL_CONVERSION = YES;
				CLANG_WARN_OBJC_LITERAL_CONVERSION = YES;
				CLANG_WARN_OBJC_ROOT_CLASS = YES_ERROR;
				CLANG_WARN_RANGE_LOOP_ANALYSIS = YES;
				CLANG_WARN_STRICT_PROTOTYPES = YES;
				CLANG_WARN_SUSPICIOUS_MOVE = YES;
				CLANG_WARN_UNGUARDED_AVAILABILITY = YES_AGGRESSIVE;
				CLANG_WARN_UNREACHABLE_CODE = YES;
				CLANG_WARN__DUPLICATE_METHOD_MATCH = YES;
				CODE_SIGN_IDENTITY = "iPhone Developer";
				COPY_PHASE_STRIP = NO;
				DEBUG_INFORMATION_FORMAT = "dwarf-with-dsym";
				ENABLE_NS_ASSERTIONS = NO;
				ENABLE_STRICT_OBJC_MSGSEND = YES;
				GCC_C_LANGUAGE_STANDARD = gnu11;
				GCC_NO_COMMON_BLOCKS = YES;
				GCC_WARN_64_TO_32_BIT_CONVERSION = YES;
				GCC_WARN_ABOUT_RETURN_TYPE = YES_ERROR;
				GCC_WARN_UNDECLARED_SELECTOR = YES;
				GCC_WARN_UNINITIALIZED_AUTOS = YES_AGGRESSIVE;
				GCC_WARN_UNUSED_FUNCTION = YES;
				GCC_WARN_UNUSED_VARIABLE = YES;
				IPHONEOS_DEPLOYMENT_TARGET = 11.0;
				MTL_ENABLE_DEBUG_INFO = NO;
				SDKROOT = iphoneos;
				SWIFT_OPTIMIZATION_LEVEL = "-Owholemodule";
				VALIDATE_PRODUCT = YES;
			};
			name = Release;
		};
		ACE7B2EA21382721000666D0 /* Debug */ = {
			isa = XCBuildConfiguration;
			buildSettings = {
				ASSETCATALOG_COMPILER_APPICON_NAME = AppIcon;
				CODE_SIGN_STYLE = Automatic;
				DEVELOPMENT_TEAM = 8884YV8RWS;
				INFOPLIST_FILE = Scrolltablecollection/Info.plist;
				LD_RUNPATH_SEARCH_PATHS = "$(inherited) @executable_path/Frameworks";
				PRODUCT_BUNDLE_IDENTIFIER = ymedias.Scrolltablecollection;
				PRODUCT_NAME = "$(TARGET_NAME)";
				SWIFT_VERSION = 4.0;
				TARGETED_DEVICE_FAMILY = "1,2";
			};
			name = Debug;
		};
		ACE7B2EB21382721000666D0 /* Release */ = {
			isa = XCBuildConfiguration;
			buildSettings = {
				ASSETCATALOG_COMPILER_APPICON_NAME = AppIcon;
				CODE_SIGN_STYLE = Automatic;
				DEVELOPMENT_TEAM = 8884YV8RWS;
				INFOPLIST_FILE = Scrolltablecollection/Info.plist;
				LD_RUNPATH_SEARCH_PATHS = "$(inherited) @executable_path/Frameworks";
				PRODUCT_BUNDLE_IDENTIFIER = ymedias.Scrolltablecollection;
				PRODUCT_NAME = "$(TARGET_NAME)";
				SWIFT_VERSION = 4.0;
				TARGETED_DEVICE_FAMILY = "1,2";
			};
			name = Release;
		};
/* End XCBuildConfiguration section */

/* Begin XCConfigurationList section */
		ACE7B2D221382721000666D0 /* Build configuration list for PBXProject "Scrolltablecollection" */ = {
			isa = XCConfigurationList;
			buildConfigurations = (
				ACE7B2E721382721000666D0 /* Debug */,
				ACE7B2E821382721000666D0 /* Release */,
			);
			defaultConfigurationIsVisible = 0;
			defaultConfigurationName = Release;
		};
		ACE7B2E921382721000666D0 /* Build configuration list for PBXNativeTarget "Scrolltablecollection" */ = {
			isa = XCConfigurationList;
			buildConfigurations = (
				ACE7B2EA21382721000666D0 /* Debug */,
				ACE7B2EB21382721000666D0 /* Release */,
			);
			defaultConfigurationIsVisible = 0;
			defaultConfigurationName = Release;
		};
/* End XCConfigurationList section */
	};
	rootObject = ACE7B2CF21382721000666D0 /* Project object */;
}
